
Microsoft Visual Studio Solution File, Format Version 12.00
# Visual Studio Version 16
VisualStudioVersion = 16.0.31019.35
MinimumVisualStudioVersion = 10.0.40219.1
Project("{FAE04EC0-301F-11D3-BF4B-00C04F79EFBC}") = "BggAlerter", "BggAlerter\BggAlerter.csproj", "{AB5BEC07-EFB6-4A6C-80DB-0D671C68ED64}"
EndProject
Global
	GlobalSection(SolutionConfigurationPlatforms) = preSolution
		Debug|Any CPU = Debug|Any CPU
		Release|Any CPU = Release|Any CPU
	EndGlobalSection
	GlobalSection(ProjectConfigurationPlatforms) = postSolution
		{AB5BEC07-EFB6-4A6C-80DB-0D671C68ED64}.Debug|Any CPU.ActiveCfg = Debug|Any CPU
		{AB5BEC07-EFB6-4A6C-80DB-0D671C68ED64}.Debug|Any CPU.Build.0 = Debug|Any CPU
		{AB5BEC07-EFB6-4A6C-80DB-0D671C68ED64}.Release|Any CPU.ActiveCfg = Release|Any CPU
		{AB5BEC07-EFB6-4A6C-80DB-0D671C68ED64}.Release|Any CPU.Build.0 = Release|Any CPU
	EndGlobalSection
	GlobalSection(SolutionProperties) = preSolution
		HideSolutionNode = FALSE
	EndGlobalSection
	GlobalSection(ExtensibilityGlobals) = postSolution
		SolutionGuid = {36902289-FD6F-4B5A-8CB3-7EAB4FBB3D01}
	EndGlobalSection
EndGlobal
